
Microsoft Visual Studio Solution File, Format Version 12.00
# Visual Studio Version 17
VisualStudioVersion = 17.1.32328.378
MinimumVisualStudioVersion = 10.0.40219.1
Project("{9A19103F-16F7-4668-BE54-9A1E7A4F7556}") = "AppApiDapper", "AppApiDapper\AppApiDapper.csproj", "{1DE4E4E8-CDF7-4A21-A51B-FC830F8F4BC4}"
EndProject
Project("{FAE04EC0-301F-11D3-BF4B-00C04F79EFBC}") = "WebData", "WebData\WebData.csproj", "{7C0118A5-5812-4A30-95F1-3B6D04300BC0}"
EndProject
Global
	GlobalSection(SolutionConfigurationPlatforms) = preSolution
		Debug|Any CPU = Debug|Any CPU
		Release|Any CPU = Release|Any CPU
	EndGlobalSection
	GlobalSection(ProjectConfigurationPlatforms) = postSolution
		{1DE4E4E8-CDF7-4A21-A51B-FC830F8F4BC4}.Debug|Any CPU.ActiveCfg = Debug|Any CPU
		{1DE4E4E8-CDF7-4A21-A51B-FC830F8F4BC4}.Debug|Any CPU.Build.0 = Debug|Any CPU
		{1DE4E4E8-CDF7-4A21-A51B-FC830F8F4BC4}.Release|Any CPU.ActiveCfg = Release|Any CPU
		{1DE4E4E8-CDF7-4A21-A51B-FC830F8F4BC4}.Release|Any CPU.Build.0 = Release|Any CPU
		{7C0118A5-5812-4A30-95F1-3B6D04300BC0}.Debug|Any CPU.ActiveCfg = Debug|Any CPU
		{7C0118A5-5812-4A30-95F1-3B6D04300BC0}.Debug|Any CPU.Build.0 = Debug|Any CPU
		{7C0118A5-5812-4A30-95F1-3B6D04300BC0}.Release|Any CPU.ActiveCfg = Release|Any CPU
		{7C0118A5-5812-4A30-95F1-3B6D04300BC0}.Release|Any CPU.Build.0 = Release|Any CPU
	EndGlobalSection
	GlobalSection(SolutionProperties) = preSolution
		HideSolutionNode = FALSE
	EndGlobalSection
	GlobalSection(ExtensibilityGlobals) = postSolution
		SolutionGuid = {759E0D3A-453C-48A9-8076-AD1E09F7E0AB}
	EndGlobalSection
EndGlobal
